
Microsoft Visual Studio Solution File, Format Version 12.00
# Visual Studio Version 16
VisualStudioVersion = 16.0.29806.167
MinimumVisualStudioVersion = 10.0.40219.1
Project("{9A19103F-16F7-4668-BE54-9A1E7A4F7556}") = "ParkingLot", "ParkingLot\ParkingLot.csproj", "{CD6E0858-7810-4E6F-9F53-AC7FCE34BD68}"
EndProject
Project("{9A19103F-16F7-4668-BE54-9A1E7A4F7556}") = "BusinessLayer", "BusinessLayer\BusinessLayer.csproj", "{EB6974D6-B63B-49D5-88DE-40D22BBBECC0}"
EndProject
Project("{9A19103F-16F7-4668-BE54-9A1E7A4F7556}") = "CommonLayer", "CommonLayer\CommonLayer.csproj", "{03612133-FC73-4F82-A476-638CD15B20B9}"
EndProject
Project("{9A19103F-16F7-4668-BE54-9A1E7A4F7556}") = "RepositoryLayer", "RepositoryLayer\RepositoryLayer.csproj", "{B75C13C5-C02E-4936-AE26-5078D82EAB2F}"
EndProject
Project("{9A19103F-16F7-4668-BE54-9A1E7A4F7556}") = "ParkingLotXUnitTestCases", "ParkingLotXUnitTestCases\ParkingLotXUnitTestCases.csproj", "{92943CC2-ED88-466B-8BDA-324677D815C6}"
EndProject
Project("{FAE04EC0-301F-11D3-BF4B-00C04F79EFBC}") = "MSMQ", "MSMQ\MSMQ.csproj", "{17F0FDC7-6018-4608-9909-D411A633D4F5}"
EndProject
Global
	GlobalSection(SolutionConfigurationPlatforms) = preSolution
		Debug|Any CPU = Debug|Any CPU
		Release|Any CPU = Release|Any CPU
	EndGlobalSection
	GlobalSection(ProjectConfigurationPlatforms) = postSolution
		{CD6E0858-7810-4E6F-9F53-AC7FCE34BD68}.Debug|Any CPU.ActiveCfg = Debug|Any CPU
		{CD6E0858-7810-4E6F-9F53-AC7FCE34BD68}.Debug|Any CPU.Build.0 = Debug|Any CPU
		{CD6E0858-7810-4E6F-9F53-AC7FCE34BD68}.Release|Any CPU.ActiveCfg = Release|Any CPU
		{CD6E0858-7810-4E6F-9F53-AC7FCE34BD68}.Release|Any CPU.Build.0 = Release|Any CPU
		{EB6974D6-B63B-49D5-88DE-40D22BBBECC0}.Debug|Any CPU.ActiveCfg = Debug|Any CPU
		{EB6974D6-B63B-49D5-88DE-40D22BBBECC0}.Debug|Any CPU.Build.0 = Debug|Any CPU
		{EB6974D6-B63B-49D5-88DE-40D22BBBECC0}.Release|Any CPU.ActiveCfg = Release|Any CPU
		{EB6974D6-B63B-49D5-88DE-40D22BBBECC0}.Release|Any CPU.Build.0 = Release|Any CPU
		{03612133-FC73-4F82-A476-638CD15B20B9}.Debug|Any CPU.ActiveCfg = Debug|Any CPU
		{03612133-FC73-4F82-A476-638CD15B20B9}.Debug|Any CPU.Build.0 = Debug|Any CPU
		{03612133-FC73-4F82-A476-638CD15B20B9}.Release|Any CPU.ActiveCfg = Release|Any CPU
		{03612133-FC73-4F82-A476-638CD15B20B9}.Release|Any CPU.Build.0 = Release|Any CPU
		{B75C13C5-C02E-4936-AE26-5078D82EAB2F}.Debug|Any CPU.ActiveCfg = Debug|Any CPU
		{B75C13C5-C02E-4936-AE26-5078D82EAB2F}.Debug|Any CPU.Build.0 = Debug|Any CPU
		{B75C13C5-C02E-4936-AE26-5078D82EAB2F}.Release|Any CPU.ActiveCfg = Release|Any CPU
		{B75C13C5-C02E-4936-AE26-5078D82EAB2F}.Release|Any CPU.Build.0 = Release|Any CPU
		{92943CC2-ED88-466B-8BDA-324677D815C6}.Debug|Any CPU.ActiveCfg = Debug|Any CPU
		{92943CC2-ED88-466B-8BDA-324677D815C6}.Debug|Any CPU.Build.0 = Debug|Any CPU
		{92943CC2-ED88-466B-8BDA-324677D815C6}.Release|Any CPU.ActiveCfg = Release|Any CPU
		{92943CC2-ED88-466B-8BDA-324677D815C6}.Release|Any CPU.Build.0 = Release|Any CPU
		{17F0FDC7-6018-4608-9909-D411A633D4F5}.Debug|Any CPU.ActiveCfg = Debug|Any CPU
		{17F0FDC7-6018-4608-9909-D411A633D4F5}.Debug|Any CPU.Build.0 = Debug|Any CPU
		{17F0FDC7-6018-4608-9909-D411A633D4F5}.Release|Any CPU.ActiveCfg = Release|Any CPU
		{17F0FDC7-6018-4608-9909-D411A633D4F5}.Release|Any CPU.Build.0 = Release|Any CPU
	EndGlobalSection
	GlobalSection(SolutionProperties) = preSolution
		HideSolutionNode = FALSE
	EndGlobalSection
	GlobalSection(ExtensibilityGlobals) = postSolution
		SolutionGuid = {B9724455-036E-4CAD-88A3-A1B68C07A7E8}
	EndGlobalSection
EndGlobal
